github.com/gorhill/cronexpr v0.0.0-20180427100037-88b0669f7d75 h1:f0n1xnMSmBLzVfsMMvriDyA75NB/oBgILX2GcHXIQzY=
github.com/gorhill/cronexpr v0.0.0-20180427100037-88b0669f7d75/go.mod h1:g2644b03hfBX9Ov0ZBDgXXens4rxSxmqFBbhvKv2yVA=
github.com/kercylan98/options v0.0.1 h1:6fU6gXICujx3SjUTyRDyICl4onec5JWVLq3prta3nqc=
github.com/kercylan98/options v0.0.1/go.mod h1:CdMbmdwhUdGaxulOCWYpPecNd1YGgJCPR6k0oOCKias=
